
Microsoft Visual Studio Solution File, Format Version 12.00
# Visual Studio Version 17
VisualStudioVersion = 17.0.31903.59
MinimumVisualStudioVersion = 10.0.40219.1
Project("{FAE04EC0-301F-11D3-BF4B-00C04F79EFBC}") = "CLI.Klinik", "CLI.Klinik\CLI.Klinik.csproj", "{D4A8D716-3898-4AA8-AB6B-118C054B0C9B}"
EndProject
Project("{FAE04EC0-301F-11D3-BF4B-00C04F79EFBC}") = "Library.Klinik", "Library.Klinik\Library.Klinik.csproj", "{38CFDCC5-2945-46B2-AE5B-6C648A01A8A8}"
EndProject
Project("{FAE04EC0-301F-11D3-BF4B-00C04F79EFBC}") = "Maui.Klinik", "Maui.Klinik\Maui.Klinik.csproj", "{9405BAA0-3357-48CE-BDC6-D789288F8A66}"
EndProject
Project("{FAE04EC0-301F-11D3-BF4B-00C04F79EFBC}") = "WebAPI.Klinik", "WebAPI.Klinik\WebAPI.Klinik.csproj", "{A8CA65BA-BEC1-4BD5-9C37-55E1908AF788}"
EndProject
Global
	GlobalSection(SolutionConfigurationPlatforms) = preSolution
		Debug|Any CPU = Debug|Any CPU
		Debug|x64 = Debug|x64
		Debug|x86 = Debug|x86
		Release|Any CPU = Release|Any CPU
		Release|x64 = Release|x64
		Release|x86 = Release|x86
	EndGlobalSection
	GlobalSection(ProjectConfigurationPlatforms) = postSolution
		{D4A8D716-3898-4AA8-AB6B-118C054B0C9B}.Debug|Any CPU.ActiveCfg = Debug|Any CPU
		{D4A8D716-3898-4AA8-AB6B-118C054B0C9B}.Debug|Any CPU.Build.0 = Debug|Any CPU
		{D4A8D716-3898-4AA8-AB6B-118C054B0C9B}.Debug|x64.ActiveCfg = Debug|Any CPU
		{D4A8D716-3898-4AA8-AB6B-118C054B0C9B}.Debug|x64.Build.0 = Debug|Any CPU
		{D4A8D716-3898-4AA8-AB6B-118C054B0C9B}.Debug|x86.ActiveCfg = Debug|Any CPU
		{D4A8D716-3898-4AA8-AB6B-118C054B0C9B}.Debug|x86.Build.0 = Debug|Any CPU
		{D4A8D716-3898-4AA8-AB6B-118C054B0C9B}.Release|Any CPU.ActiveCfg = Release|Any CPU
		{D4A8D716-3898-4AA8-AB6B-118C054B0C9B}.Release|Any CPU.Build.0 = Release|Any CPU
		{D4A8D716-3898-4AA8-AB6B-118C054B0C9B}.Release|x64.ActiveCfg = Release|Any CPU
		{D4A8D716-3898-4AA8-AB6B-118C054B0C9B}.Release|x64.Build.0 = Release|Any CPU
		{D4A8D716-3898-4AA8-AB6B-118C054B0C9B}.Release|x86.ActiveCfg = Release|Any CPU
		{D4A8D716-3898-4AA8-AB6B-118C054B0C9B}.Release|x86.Build.0 = Release|Any CPU
		{38CFDCC5-2945-46B2-AE5B-6C648A01A8A8}.Debug|Any CPU.ActiveCfg = Debug|Any CPU
		{38CFDCC5-2945-46B2-AE5B-6C648A01A8A8}.Debug|Any CPU.Build.0 = Debug|Any CPU
		{38CFDCC5-2945-46B2-AE5B-6C648A01A8A8}.Debug|x64.ActiveCfg = Debug|Any CPU
		{38CFDCC5-2945-46B2-AE5B-6C648A01A8A8}.Debug|x64.Build.0 = Debug|Any CPU
		{38CFDCC5-2945-46B2-AE5B-6C648A01A8A8}.Debug|x86.ActiveCfg = Debug|Any CPU
		{38CFDCC5-2945-46B2-AE5B-6C648A01A8A8}.Debug|x86.Build.0 = Debug|Any CPU
		{38CFDCC5-2945-46B2-AE5B-6C648A01A8A8}.Release|Any CPU.ActiveCfg = Release|Any CPU
		{38CFDCC5-2945-46B2-AE5B-6C648A01A8A8}.Release|Any CPU.Build.0 = Release|Any CPU
		{38CFDCC5-2945-46B2-AE5B-6C648A01A8A8}.Release|x64.ActiveCfg = Release|Any CPU
		{38CFDCC5-2945-46B2-AE5B-6C648A01A8A8}.Release|x64.Build.0 = Release|Any CPU
		{38CFDCC5-2945-46B2-AE5B-6C648A01A8A8}.Release|x86.ActiveCfg = Release|Any CPU
		{38CFDCC5-2945-46B2-AE5B-6C648A01A8A8}.Release|x86.Build.0 = Release|Any CPU
		{9405BAA0-3357-48CE-BDC6-D789288F8A66}.Debug|Any CPU.ActiveCfg = Debug|Any CPU
		{9405BAA0-3357-48CE-BDC6-D789288F8A66}.Debug|Any CPU.Build.0 = Debug|Any CPU
		{9405BAA0-3357-48CE-BDC6-D789288F8A66}.Debug|x64.ActiveCfg = Debug|Any CPU
		{9405BAA0-3357-48CE-BDC6-D789288F8A66}.Debug|x64.Build.0 = Debug|Any CPU
		{9405BAA0-3357-48CE-BDC6-D789288F8A66}.Debug|x86.ActiveCfg = Debug|Any CPU
		{9405BAA0-3357-48CE-BDC6-D789288F8A66}.Debug|x86.Build.0 = Debug|Any CPU
		{9405BAA0-3357-48CE-BDC6-D789288F8A66}.Release|Any CPU.ActiveCfg = Release|Any CPU
		{9405BAA0-3357-48CE-BDC6-D789288F8A66}.Release|Any CPU.Build.0 = Release|Any CPU
		{9405BAA0-3357-48CE-BDC6-D789288F8A66}.Release|x64.ActiveCfg = Release|Any CPU
		{9405BAA0-3357-48CE-BDC6-D789288F8A66}.Release|x64.Build.0 = Release|Any CPU
		{9405BAA0-3357-48CE-BDC6-D789288F8A66}.Release|x86.ActiveCfg = Release|Any CPU
		{9405BAA0-3357-48CE-BDC6-D789288F8A66}.Release|x86.Build.0 = Release|Any CPU
		{A8CA65BA-BEC1-4BD5-9C37-55E1908AF788}.Debug|Any CPU.ActiveCfg = Debug|Any CPU
		{A8CA65BA-BEC1-4BD5-9C37-55E1908AF788}.Debug|Any CPU.Build.0 = Debug|Any CPU
		{A8CA65BA-BEC1-4BD5-9C37-55E1908AF788}.Debug|x64.ActiveCfg = Debug|Any CPU
		{A8CA65BA-BEC1-4BD5-9C37-55E1908AF788}.Debug|x64.Build.0 = Debug|Any CPU
		{A8CA65BA-BEC1-4BD5-9C37-55E1908AF788}.Debug|x86.ActiveCfg = Debug|Any CPU
		{A8CA65BA-BEC1-4BD5-9C37-55E1908AF788}.Debug|x86.Build.0 = Debug|Any CPU
		{A8CA65BA-BEC1-4BD5-9C37-55E1908AF788}.Release|Any CPU.ActiveCfg = Release|Any CPU
		{A8CA65BA-BEC1-4BD5-9C37-55E1908AF788}.Release|Any CPU.Build.0 = Release|Any CPU
		{A8CA65BA-BEC1-4BD5-9C37-55E1908AF788}.Release|x64.ActiveCfg = Release|Any CPU
		{A8CA65BA-BEC1-4BD5-9C37-55E1908AF788}.Release|x64.Build.0 = Release|Any CPU
		{A8CA65BA-BEC1-4BD5-9C37-55E1908AF788}.Release|x86.ActiveCfg = Release|Any CPU
		{A8CA65BA-BEC1-4BD5-9C37-55E1908AF788}.Release|x86.Build.0 = Release|Any CPU
	EndGlobalSection
	GlobalSection(SolutionProperties) = preSolution
		HideSolutionNode = FALSE
	EndGlobalSection
EndGlobal
